
Microsoft Visual Studio Solution File, Format Version 12.00
# Visual Studio 15
VisualStudioVersion = 15.0.27703.2026
MinimumVisualStudioVersion = 10.0.40219.1
Project("{FAE04EC0-301F-11D3-BF4B-00C04F79EFBC}") = "AspWithVue", "AspWithVue\AspWithVue.csproj", "{28F610E5-4E94-4061-A903-BFBBA0C40C07}"
EndProject
Global
	GlobalSection(SolutionConfigurationPlatforms) = preSolution
		Debug|Any CPU = Debug|Any CPU
		Release|Any CPU = Release|Any CPU
	EndGlobalSection
	GlobalSection(ProjectConfigurationPlatforms) = postSolution
		{28F610E5-4E94-4061-A903-BFBBA0C40C07}.Debug|Any CPU.ActiveCfg = Debug|Any CPU
		{28F610E5-4E94-4061-A903-BFBBA0C40C07}.Debug|Any CPU.Build.0 = Debug|Any CPU
		{28F610E5-4E94-4061-A903-BFBBA0C40C07}.Release|Any CPU.ActiveCfg = Release|Any CPU
		{28F610E5-4E94-4061-A903-BFBBA0C40C07}.Release|Any CPU.Build.0 = Release|Any CPU
	EndGlobalSection
	GlobalSection(SolutionProperties) = preSolution
		HideSolutionNode = FALSE
	EndGlobalSection
	GlobalSection(ExtensibilityGlobals) = postSolution
		SolutionGuid = {39E1D0EA-7CD7-4025-A505-476C5838B95E}
	EndGlobalSection
EndGlobal
